// !$*UTF8*$!
{
	archiveVersion = 1;
	classes = {
	};
	objectVersion = 46;
	objects = {

/* Begin PBXBuildFile section */
		149D183B16B2582C0064A57D /* UIKit.framework in Frameworks */ = {isa = PBXBuildFile; fileRef = 149D183A16B2582C0064A57D /* UIKit.framework */; };
		149D183D16B2582C0064A57D /* Foundation.framework in Frameworks */ = {isa = PBXBuildFile; fileRef = 149D183C16B2582C0064A57D /* Foundation.framework */; };
		149D183F16B2582C0064A57D /* CoreGraphics.framework in Frameworks */ = {isa = PBXBuildFile; fileRef = 149D183E16B2582C0064A57D /* CoreGraphics.framework */; };
		149D184516B2582C0064A57D /* InfoPlist.strings in Resources */ = {isa = PBXBuildFile; fileRef = 149D184316B2582C0064A57D /* InfoPlist.strings */; };
		149D184716B2582C0064A57D /* main.m in Sources */ = {isa = PBXBuildFile; fileRef = 149D184616B2582C0064A57D /* main.m */; };
		149D184B16B2582C0064A57D /* AppDelegate.m in Sources */ = {isa = PBXBuildFile; fileRef = 149D184A16B2582C0064A57D /* AppDelegate.m */; };
		149D184D16B2582C0064A57D /* Default.png in Resources */ = {isa = PBXBuildFile; fileRef = 149D184C16B2582C0064A57D /* Default.png */; };
		149D184F16B2582C0064A57D /* Default@2x.png in Resources */ = {isa = PBXBuildFile; fileRef = 149D184E16B2582C0064A57D /* Default@2x.png */; };
		149D185116B2582C0064A57D /* Default-568h@2x.png in Resources */ = {isa = PBXBuildFile; fileRef = 149D185016B2582C0064A57D /* Default-568h@2x.png */; };
		149D185416B2582C0064A57D /* MainStoryboard.storyboard in Resources */ = {isa = PBXBuildFile; fileRef = 149D185216B2582C0064A57D /* MainStoryboard.storyboard */; };
		149D185716B2582C0064A57D /* ViewController.m in Sources */ = {isa = PBXBuildFile; fileRef = 149D185616B2582C0064A57D /* ViewController.m */; };
		149D187616B264CF0064A57D /* 1Star.png in Resources */ = {isa = PBXBuildFile; fileRef = 149D185E16B264CF0064A57D /* 1Star.png */; };
		149D187716B264CF0064A57D /* 1Star@2x.png in Resources */ = {isa = PBXBuildFile; fileRef = 149D185F16B264CF0064A57D /* 1Star@2x.png */; };
		149D187816B264CF0064A57D /* 1StarSmall.png in Resources */ = {isa = PBXBuildFile; fileRef = 149D186016B264CF0064A57D /* 1StarSmall.png */; };
		149D187916B264CF0064A57D /* 1StarSmall@2x.png in Resources */ = {isa = PBXBuildFile; fileRef = 149D186116B264CF0064A57D /* 1StarSmall@2x.png */; };
		149D187A16B264CF0064A57D /* 2Stars.png in Resources */ = {isa = PBXBuildFile; fileRef = 149D186216B264CF0064A57D /* 2Stars.png */; };
		149D187B16B264CF0064A57D /* 2Stars@2x.png in Resources */ = {isa = PBXBuildFile; fileRef = 149D186316B264CF0064A57D /* 2Stars@2x.png */; };
		149D187C16B264CF0064A57D /* 2StarsSmall.png in Resources */ = {isa = PBXBuildFile; fileRef = 149D186416B264CF0064A57D /* 2StarsSmall.png */; };
		149D187D16B264CF0064A57D /* 2StarsSmall@2x.png in Resources */ = {isa = PBXBuildFile; fileRef = 149D186516B264CF0064A57D /* 2StarsSmall@2x.png */; };
		149D187E16B264CF0064A57D /* 3Stars.png in Resources */ = {isa = PBXBuildFile; fileRef = 149D186616B264CF0064A57D /* 3Stars.png */; };
		149D187F16B264CF0064A57D /* 3Stars@2x.png in Resources */ = {isa = PBXBuildFile; fileRef = 149D186716B264CF0064A57D /* 3Stars@2x.png */; };
		149D188016B264CF0064A57D /* 3StarsSmall.png in Resources */ = {isa = PBXBuildFile; fileRef = 149D186816B264CF0064A57D /* 3StarsSmall.png */; };
		149D188116B264CF0064A57D /* 3StarsSmall@2x.png in Resources */ = {isa = PBXBuildFile; fileRef = 149D186916B264CF0064A57D /* 3StarsSmall@2x.png */; };
		149D188216B264CF0064A57D /* 4Stars.png in Resources */ = {isa = PBXBuildFile; fileRef = 149D186A16B264CF0064A57D /* 4Stars.png */; };
		149D188316B264CF0064A57D /* 4Stars@2x.png in Resources */ = {isa = PBXBuildFile; fileRef = 149D186B16B264CF0064A57D /* 4Stars@2x.png */; };
		149D188416B264CF0064A57D /* 4StarsSmall.png in Resources */ = {isa = PBXBuildFile; fileRef = 149D186C16B264CF0064A57D /* 4StarsSmall.png */; };
		149D188516B264CF0064A57D /* 4StarsSmall@2x.png in Resources */ = {isa = PBXBuildFile; fileRef = 149D186D16B264CF0064A57D /* 4StarsSmall@2x.png */; };
		149D188616B264CF0064A57D /* 5Stars.png in Resources */ = {isa = PBXBuildFile; fileRef = 149D186E16B264CF0064A57D /* 5Stars.png */; };
		149D188716B264CF0064A57D /* 5Stars@2x.png in Resources */ = {isa = PBXBuildFile; fileRef = 149D186F16B264CF0064A57D /* 5Stars@2x.png */; };
		149D188816B264CF0064A57D /* 5StarsSmall.png in Resources */ = {isa = PBXBuildFile; fileRef = 149D187016B264CF0064A57D /* 5StarsSmall.png */; };
		149D188916B264CF0064A57D /* 5StarsSmall@2x.png in Resources */ = {isa = PBXBuildFile; fileRef = 149D187116B264CF0064A57D /* 5StarsSmall@2x.png */; };
		149D188A16B264CF0064A57D /* Gestures.png in Resources */ = {isa = PBXBuildFile; fileRef = 149D187216B264CF0064A57D /* Gestures.png */; };
		149D188B16B264CF0064A57D /* Gestures@2x.png in Resources */ = {isa = PBXBuildFile; fileRef = 149D187316B264CF0064A57D /* Gestures@2x.png */; };
		149D188C16B264CF0064A57D /* Players.png in Resources */ = {isa = PBXBuildFile; fileRef = 149D187416B264CF0064A57D /* Players.png */; };
		149D188D16B264CF0064A57D /* Players@2x.png in Resources */ = {isa = PBXBuildFile; fileRef = 149D187516B264CF0064A57D /* Players@2x.png */; };
		149D189016B268F90064A57D /* PlayersViewController.m in Sources */ = {isa = PBXBuildFile; fileRef = 149D188F16B268F90064A57D /* PlayersViewController.m */; };
		149D189316B26A1C0064A57D /* Player.m in Sources */ = {isa = PBXBuildFile; fileRef = 149D189216B26A1C0064A57D /* Player.m */; };
/* End PBXBuildFile section */

/* Begin PBXFileReference section */
		149D183616B2582C0064A57D /* Ratings.app */ = {isa = PBXFileReference; explicitFileType = wrapper.application; includeInIndex = 0; path = Ratings.app; sourceTree = BUILT_PRODUCTS_DIR; };
		149D183A16B2582C0064A57D /* UIKit.framework */ = {isa = PBXFileReference; lastKnownFileType = wrapper.framework; name = UIKit.framework; path = System/Library/Frameworks/UIKit.framework; sourceTree = SDKROOT; };
		149D183C16B2582C0064A57D /* Foundation.framework */ = {isa = PBXFileReference; lastKnownFileType = wrapper.framework; name = Foundation.framework; path = System/Library/Frameworks/Foundation.framework; sourceTree = SDKROOT; };
		149D183E16B2582C0064A57D /* CoreGraphics.framework */ = {isa = PBXFileReference; lastKnownFileType = wrapper.framework; name = CoreGraphics.framework; path = System/Library/Frameworks/CoreGraphics.framework; sourceTree = SDKROOT; };
		149D184216B2582C0064A57D /* Ratings-Info.plist */ = {isa = PBXFileReference; lastKnownFileType = text.plist.xml; path = "Ratings-Info.plist"; sourceTree = "<group>"; };
		149D184416B2582C0064A57D /* en */ = {isa = PBXFileReference; lastKnownFileType = text.plist.strings; name = en; path = en.lproj/InfoPlist.strings; sourceTree = "<group>"; };
		149D184616B2582C0064A57D /* main.m */ = {isa = PBXFileReference; lastKnownFileType = sourcecode.c.objc; path = main.m; sourceTree = "<group>"; };
		149D184816B2582C0064A57D /* Ratings-Prefix.pch */ = {isa = PBXFileReference; lastKnownFileType = sourcecode.c.h; path = "Ratings-Prefix.pch"; sourceTree = "<group>"; };
		149D184916B2582C0064A57D /* AppDelegate.h */ = {isa = PBXFileReference; lastKnownFileType = sourcecode.c.h; path = AppDelegate.h; sourceTree = "<group>"; };
		149D184A16B2582C0064A57D /* AppDelegate.m */ = {isa = PBXFileReference; lastKnownFileType = sourcecode.c.objc; path = AppDelegate.m; sourceTree = "<group>"; };
		149D184C16B2582C0064A57D /* Default.png */ = {isa = PBXFileReference; lastKnownFileType = image.png; path = Default.png; sourceTree = "<group>"; };
		149D184E16B2582C0064A57D /* Default@2x.png */ = {isa = PBXFileReference; lastKnownFileType = image.png; path = "Default@2x.png"; sourceTree = "<group>"; };
		149D185016B2582C0064A57D /* Default-568h@2x.png */ = {isa = PBXFileReference; lastKnownFileType = image.png; path = "Default-568h@2x.png"; sourceTree = "<group>"; };
		149D185316B2582C0064A57D /* en */ = {isa = PBXFileReference; lastKnownFileType = file.storyboard; name = en; path = en.lproj/MainStoryboard.storyboard; sourceTree = "<group>"; };
		149D185516B2582C0064A57D /* ViewController.h */ = {isa = PBXFileReference; lastKnownFileType = sourcecode.c.h; path = ViewController.h; sourceTree = "<group>"; };
		149D185616B2582C0064A57D /* ViewController.m */ = {isa = PBXFileReference; lastKnownFileType = sourcecode.c.objc; path = ViewController.m; sourceTree = "<group>"; };
		149D185E16B264CF0064A57D /* 1Star.png */ = {isa = PBXFileReference; lastKnownFileType = image.png; path = 1Star.png; sourceTree = "<group>"; };
		149D185F16B264CF0064A57D /* 1Star@2x.png */ = {isa = PBXFileReference; lastKnownFileType = image.png; path = "1Star@2x.png"; sourceTree = "<group>"; };
		149D186016B264CF0064A57D /* 1StarSmall.png */ = {isa = PBXFileReference; lastKnownFileType = image.png; path = 1StarSmall.png; sourceTree = "<group>"; };
		149D186116B264CF0064A57D /* 1StarSmall@2x.png */ = {isa = PBXFileReference; lastKnownFileType = image.png; path = "1StarSmall@2x.png"; sourceTree = "<group>"; };
		149D186216B264CF0064A57D /* 2Stars.png */ = {isa = PBXFileReference; lastKnownFileType = image.png; path = 2Stars.png; sourceTree = "<group>"; };
		149D186316B264CF0064A57D /* 2Stars@2x.png */ = {isa = PBXFileReference; lastKnownFileType = image.png; path = "2Stars@2x.png"; sourceTree = "<group>"; };
		149D186416B264CF0064A57D /* 2StarsSmall.png */ = {isa = PBXFileReference; lastKnownFileType = image.png; path = 2StarsSmall.png; sourceTree = "<group>"; };
		149D186516B264CF0064A57D /* 2StarsSmall@2x.png */ = {isa = PBXFileReference; lastKnownFileType = image.png; path = "2StarsSmall@2x.png"; sourceTree = "<group>"; };
		149D186616B264CF0064A57D /* 3Stars.png */ = {isa = PBXFileReference; lastKnownFileType = image.png; path = 3Stars.png; sourceTree = "<group>"; };
		149D186716B264CF0064A57D /* 3Stars@2x.png */ = {isa = PBXFileReference; lastKnownFileType = image.png; path = "3Stars@2x.png"; sourceTree = "<group>"; };
		149D186816B264CF0064A57D /* 3StarsSmall.png */ = {isa = PBXFileReference; lastKnownFileType = image.png; path = 3StarsSmall.png; sourceTree = "<group>"; };
		149D186916B264CF0064A57D /* 3StarsSmall@2x.png */ = {isa = PBXFileReference; lastKnownFileType = image.png; path = "3StarsSmall@2x.png"; sourceTree = "<group>"; };
		149D186A16B264CF0064A57D /* 4Stars.png */ = {isa = PBXFileReference; lastKnownFileType = image.png; path = 4Stars.png; sourceTree = "<group>"; };
		149D186B16B264CF0064A57D /* 4Stars@2x.png */ = {isa = PBXFileReference; lastKnownFileType = image.png; path = "4Stars@2x.png"; sourceTree = "<group>"; };
		149D186C16B264CF0064A57D /* 4StarsSmall.png */ = {isa = PBXFileReference; lastKnownFileType = image.png; path = 4StarsSmall.png; sourceTree = "<group>"; };
		149D186D16B264CF0064A57D /* 4StarsSmall@2x.png */ = {isa = PBXFileReference; lastKnownFileType = image.png; path = "4StarsSmall@2x.png"; sourceTree = "<group>"; };
		149D186E16B264CF0064A57D /* 5Stars.png */ = {isa = PBXFileReference; lastKnownFileType = image.png; path = 5Stars.png; sourceTree = "<group>"; };
		149D186F16B264CF0064A57D /* 5Stars@2x.png */ = {isa = PBXFileReference; lastKnownFileType = image.png; path = "5Stars@2x.png"; sourceTree = "<group>"; };
		149D187016B264CF0064A57D /* 5StarsSmall.png */ = {isa = PBXFileReference; lastKnownFileType = image.png; path = 5StarsSmall.png; sourceTree = "<group>"; };
		149D187116B264CF0064A57D /* 5StarsSmall@2x.png */ = {isa = PBXFileReference; lastKnownFileType = image.png; path = "5StarsSmall@2x.png"; sourceTree = "<group>"; };
		149D187216B264CF0064A57D /* Gestures.png */ = {isa = PBXFileReference; lastKnownFileType = image.png; path = Gestures.png; sourceTree = "<group>"; };
		149D187316B264CF0064A57D /* Gestures@2x.png */ = {isa = PBXFileReference; lastKnownFileType = image.png; path = "Gestures@2x.png"; sourceTree = "<group>"; };
		149D187416B264CF0064A57D /* Players.png */ = {isa = PBXFileReference; lastKnownFileType = image.png; path = Players.png; sourceTree = "<group>"; };
		149D187516B264CF0064A57D /* Players@2x.png */ = {isa = PBXFileReference; lastKnownFileType = image.png; path = "Players@2x.png"; sourceTree = "<group>"; };
		149D188E16B268F90064A57D /* PlayersViewController.h */ = {isa = PBXFileReference; fileEncoding = 4; lastKnownFileType = sourcecode.c.h; path = PlayersViewController.h; sourceTree = "<group>"; };
		149D188F16B268F90064A57D /* PlayersViewController.m */ = {isa = PBXFileReference; fileEncoding = 4; lastKnownFileType = sourcecode.c.objc; path = PlayersViewController.m; sourceTree = "<group>"; };
		149D189116B26A1C0064A57D /* Player.h */ = {isa = PBXFileReference; fileEncoding = 4; lastKnownFileType = sourcecode.c.h; path = Player.h; sourceTree = "<group>"; };
		149D189216B26A1C0064A57D /* Player.m */ = {isa = PBXFileReference; fileEncoding = 4; lastKnownFileType = sourcecode.c.objc; path = Player.m; sourceTree = "<group>"; };
/* End PBXFileReference section */

/* Begin PBXFrameworksBuildPhase section */
		149D183316B2582C0064A57D /* Frameworks */ = {
			isa = PBXFrameworksBuildPhase;
			buildActionMask = 2147483647;
			files = (
				149D183B16B2582C0064A57D /* UIKit.framework in Frameworks */,
				149D183D16B2582C0064A57D /* Foundation.framework in Frameworks */,
				149D183F16B2582C0064A57D /* CoreGraphics.framework in Frameworks */,
			);
			runOnlyForDeploymentPostprocessing = 0;
		};
/* End PBXFrameworksBuildPhase section */

/* Begin PBXGroup section */
		149D182B16B2582C0064A57D = {
			isa = PBXGroup;
			children = (
				149D184016B2582C0064A57D /* Ratings */,
				149D183916B2582C0064A57D /* Frameworks */,
				149D183716B2582C0064A57D /* Products */,
			);
			sourceTree = "<group>";
		};
		149D183716B2582C0064A57D /* Products */ = {
			isa = PBXGroup;
			children = (
				149D183616B2582C0064A57D /* Ratings.app */,
			);
			name = Products;
			sourceTree = "<group>";
		};
		149D183916B2582C0064A57D /* Frameworks */ = {
			isa = PBXGroup;
			children = (
				149D183A16B2582C0064A57D /* UIKit.framework */,
				149D183C16B2582C0064A57D /* Foundation.framework */,
				149D183E16B2582C0064A57D /* CoreGraphics.framework */,
			);
			name = Frameworks;
			sourceTree = "<group>";
		};
		149D184016B2582C0064A57D /* Ratings */ = {
			isa = PBXGroup;
			children = (
				149D185D16B264CF0064A57D /* Images */,
				149D184916B2582C0064A57D /* AppDelegate.h */,
				149D184A16B2582C0064A57D /* AppDelegate.m */,
				149D185216B2582C0064A57D /* MainStoryboard.storyboard */,
				149D188E16B268F90064A57D /* PlayersViewController.h */,
				149D189116B26A1C0064A57D /* Player.h */,
				149D189216B26A1C0064A57D /* Player.m */,
				149D188F16B268F90064A57D /* PlayersViewController.m */,
				149D185516B2582C0064A57D /* ViewController.h */,
				149D185616B2582C0064A57D /* ViewController.m */,
				149D184116B2582C0064A57D /* Supporting Files */,
			);
			path = Ratings;
			sourceTree = "<group>";
		};
		149D184116B2582C0064A57D /* Supporting Files */ = {
			isa = PBXGroup;
			children = (
				149D184216B2582C0064A57D /* Ratings-Info.plist */,
				149D184316B2582C0064A57D /* InfoPlist.strings */,
				149D184616B2582C0064A57D /* main.m */,
				149D184816B2582C0064A57D /* Ratings-Prefix.pch */,
				149D184C16B2582C0064A57D /* Default.png */,
				149D184E16B2582C0064A57D /* Default@2x.png */,
				149D185016B2582C0064A57D /* Default-568h@2x.png */,
			);
			name = "Supporting Files";
			sourceTree = "<group>";
		};
		149D185D16B264CF0064A57D /* Images */ = {
			isa = PBXGroup;
			children = (
				149D185E16B264CF0064A57D /* 1Star.png */,
				149D185F16B264CF0064A57D /* 1Star@2x.png */,
				149D186016B264CF0064A57D /* 1StarSmall.png */,
				149D186116B264CF0064A57D /* 1StarSmall@2x.png */,
				149D186216B264CF0064A57D /* 2Stars.png */,
				149D186316B264CF0064A57D /* 2Stars@2x.png */,
				149D186416B264CF0064A57D /* 2StarsSmall.png */,
				149D186516B264CF0064A57D /* 2StarsSmall@2x.png */,
				149D186616B264CF0064A57D /* 3Stars.png */,
				149D186716B264CF0064A57D /* 3Stars@2x.png */,
				149D186816B264CF0064A57D /* 3StarsSmall.png */,
				149D186916B264CF0064A57D /* 3StarsSmall@2x.png */,
				149D186A16B264CF0064A57D /* 4Stars.png */,
				149D186B16B264CF0064A57D /* 4Stars@2x.png */,
				149D186C16B264CF0064A57D /* 4StarsSmall.png */,
				149D186D16B264CF0064A57D /* 4StarsSmall@2x.png */,
				149D186E16B264CF0064A57D /* 5Stars.png */,
				149D186F16B264CF0064A57D /* 5Stars@2x.png */,
				149D187016B264CF0064A57D /* 5StarsSmall.png */,
				149D187116B264CF0064A57D /* 5StarsSmall@2x.png */,
				149D187216B264CF0064A57D /* Gestures.png */,
				149D187316B264CF0064A57D /* Gestures@2x.png */,
				149D187416B264CF0064A57D /* Players.png */,
				149D187516B264CF0064A57D /* Players@2x.png */,
			);
			path = Images;
			sourceTree = "<group>";
		};
/* End PBXGroup section */

/* Begin PBXNativeTarget section */
		149D183516B2582C0064A57D /* Ratings */ = {
			isa = PBXNativeTarget;
			buildConfigurationList = 149D185A16B2582C0064A57D /* Build configuration list for PBXNativeTarget "Ratings" */;
			buildPhases = (
				149D183216B2582C0064A57D /* Sources */,
				149D183316B2582C0064A57D /* Frameworks */,
				149D183416B2582C0064A57D /* Resources */,
			);
			buildRules = (
			);
			dependencies = (
			);
			name = Ratings;
			productName = Ratings;
			productReference = 149D183616B2582C0064A57D /* Ratings.app */;
			productType = "com.apple.product-type.application";
		};
/* End PBXNativeTarget section */

/* Begin PBXProject section */
		149D182D16B2582C0064A57D /* Project object */ = {
			isa = PBXProject;
			attributes = {
				LastUpgradeCheck = 0450;
				ORGANIZATIONNAME = "Brian Crider";
			};
			buildConfigurationList = 149D183016B2582C0064A57D /* Build configuration list for PBXProject "Ratings" */;
			compatibilityVersion = "Xcode 3.2";
			developmentRegion = English;
			hasScannedForEncodings = 0;
			knownRegions = (
				en,
			);
			mainGroup = 149D182B16B2582C0064A57D;
			productRefGroup = 149D183716B2582C0064A57D /* Products */;
			projectDirPath = "";
			projectRoot = "";
			targets = (
				149D183516B2582C0064A57D /* Ratings */,
			);
		};
/* End PBXProject section */

/* Begin PBXResourcesBuildPhase section */
		149D183416B2582C0064A57D /* Resources */ = {
			isa = PBXResourcesBuildPhase;
			buildActionMask = 2147483647;
			files = (
				149D184516B2582C0064A57D /* InfoPlist.strings in Resources */,
				149D184D16B2582C0064A57D /* Default.png in Resources */,
				149D184F16B2582C0064A57D /* Default@2x.png in Resources */,
				149D185116B2582C0064A57D /* Default-568h@2x.png in Resources */,
				149D185416B2582C0064A57D /* MainStoryboard.storyboard in Resources */,
				149D187616B264CF0064A57D /* 1Star.png in Resources */,
				149D187716B264CF0064A57D /* 1Star@2x.png in Resources */,
				149D187816B264CF0064A57D /* 1StarSmall.png in Resources */,
				149D187916B264CF0064A57D /* 1StarSmall@2x.png in Resources */,
				149D187A16B264CF0064A57D /* 2Stars.png in Resources */,
				149D187B16B264CF0064A57D /* 2Stars@2x.png in Resources */,
				149D187C16B264CF0064A57D /* 2StarsSmall.png in Resources */,
				149D187D16B264CF0064A57D /* 2StarsSmall@2x.png in Resources */,
				149D187E16B264CF0064A57D /* 3Stars.png in Resources */,
				149D187F16B264CF0064A57D /* 3Stars@2x.png in Resources */,
				149D188016B264CF0064A57D /* 3StarsSmall.png in Resources */,
				149D188116B264CF0064A57D /* 3StarsSmall@2x.png in Resources */,
				149D188216B264CF0064A57D /* 4Stars.png in Resources */,
				149D188316B264CF0064A57D /* 4Stars@2x.png in Resources */,
				149D188416B264CF0064A57D /* 4StarsSmall.png in Resources */,
				149D188516B264CF0064A57D /* 4StarsSmall@2x.png in Resources */,
				149D188616B264CF0064A57D /* 5Stars.png in Resources */,
				149D188716B264CF0064A57D /* 5Stars@2x.png in Resources */,
				149D188816B264CF0064A57D /* 5StarsSmall.png in Resources */,
				149D188916B264CF0064A57D /* 5StarsSmall@2x.png in Resources */,
				149D188A16B264CF0064A57D /* Gestures.png in Resources */,
				149D188B16B264CF0064A57D /* Gestures@2x.png in Resources */,
				149D188C16B264CF0064A57D /* Players.png in Resources */,
				149D188D16B264CF0064A57D /* Players@2x.png in Resources */,
			);
			runOnlyForDeploymentPostprocessing = 0;
		};
/* End PBXResourcesBuildPhase section */

/* Begin PBXSourcesBuildPhase section */
		149D183216B2582C0064A57D /* Sources */ = {
			isa = PBXSourcesBuildPhase;
			buildActionMask = 2147483647;
			files = (
				149D184716B2582C0064A57D /* main.m in Sources */,
				149D184B16B2582C0064A57D /* AppDelegate.m in Sources */,
				149D185716B2582C0064A57D /* ViewController.m in Sources */,
				149D189016B268F90064A57D /* PlayersViewController.m in Sources */,
				149D189316B26A1C0064A57D /* Player.m in Sources */,
			);
			runOnlyForDeploymentPostprocessing = 0;
		};
/* End PBXSourcesBuildPhase section */

/* Begin PBXVariantGroup section */
		149D184316B2582C0064A57D /* InfoPlist.strings */ = {
			isa = PBXVariantGroup;
			children = (
				149D184416B2582C0064A57D /* en */,
			);
			name = InfoPlist.strings;
			sourceTree = "<group>";
		};
		149D185216B2582C0064A57D /* MainStoryboard.storyboard */ = {
			isa = PBXVariantGroup;
			children = (
				149D185316B2582C0064A57D /* en */,
			);
			name = MainStoryboard.storyboard;
			sourceTree = "<group>";
		};
/* End PBXVariantGroup section */

/* Begin XCBuildConfiguration section */
		149D185816B2582C0064A57D /* Debug */ = {
			isa = XCBuildConfiguration;
			buildSettings = {
				ALWAYS_SEARCH_USER_PATHS = NO;
				CLANG_CXX_LANGUAGE_STANDARD = "gnu++0x";
				CLANG_CXX_LIBRARY = "libc++";
				CLANG_ENABLE_OBJC_ARC = YES;
				CLANG_WARN_EMPTY_BODY = YES;
				CLANG_WARN__DUPLICATE_METHOD_MATCH = YES;
				"CODE_SIGN_IDENTITY[sdk=iphoneos*]" = "iPhone Developer";
				COPY_PHASE_STRIP = NO;
				GCC_C_LANGUAGE_STANDARD = gnu99;
				GCC_DYNAMIC_NO_PIC = NO;
				GCC_OPTIMIZATION_LEVEL = 0;
				GCC_PREPROCESSOR_DEFINITIONS = (
					"DEBUG=1",
					"$(inherited)",
				);
				GCC_SYMBOLS_PRIVATE_EXTERN = NO;
				GCC_WARN_ABOUT_RETURN_TYPE = YES;
				GCC_WARN_UNINITIALIZED_AUTOS = YES;
				GCC_WARN_UNUSED_VARIABLE = YES;
				IPHONEOS_DEPLOYMENT_TARGET = 6.0;
				ONLY_ACTIVE_ARCH = YES;
				SDKROOT = iphoneos;
			};
			name = Debug;
		};
		149D185916B2582C0064A57D /* Release */ = {
			isa = XCBuildConfiguration;
			buildSettings = {
				ALWAYS_SEARCH_USER_PATHS = NO;
				CLANG_CXX_LANGUAGE_STANDARD = "gnu++0x";
				CLANG_CXX_LIBRARY = "libc++";
				CLANG_ENABLE_OBJC_ARC = YES;
				CLANG_WARN_EMPTY_BODY = YES;
				CLANG_WARN__DUPLICATE_METHOD_MATCH = YES;
				"CODE_SIGN_IDENTITY[sdk=iphoneos*]" = "iPhone Developer";
				COPY_PHASE_STRIP = YES;
				GCC_C_LANGUAGE_STANDARD = gnu99;
				GCC_WARN_ABOUT_RETURN_TYPE = YES;
				GCC_WARN_UNINITIALIZED_AUTOS = YES;
				GCC_WARN_UNUSED_VARIABLE = YES;
				IPHONEOS_DEPLOYMENT_TARGET = 6.0;
				OTHER_CFLAGS = "-DNS_BLOCK_ASSERTIONS=1";
				SDKROOT = iphoneos;
				VALIDATE_PRODUCT = YES;
			};
			name = Release;
		};
		149D185B16B2582C0064A57D /* Debug */ = {
			isa = XCBuildConfiguration;
			buildSettings = {
				GCC_PRECOMPILE_PREFIX_HEADER = YES;
				GCC_PREFIX_HEADER = "Ratings/Ratings-Prefix.pch";
				INFOPLIST_FILE = "Ratings/Ratings-Info.plist";
				PRODUCT_NAME = "$(TARGET_NAME)";
				WRAPPER_EXTENSION = app;
			};
			name = Debug;
		};
		149D185C16B2582C0064A57D /* Release */ = {
			isa = XCBuildConfiguration;
			buildSettings = {
				GCC_PRECOMPILE_PREFIX_HEADER = YES;
				GCC_PREFIX_HEADER = "Ratings/Ratings-Prefix.pch";
				INFOPLIST_FILE = "Ratings/Ratings-Info.plist";
				PRODUCT_NAME = "$(TARGET_NAME)";
				WRAPPER_EXTENSION = app;
			};
			name = Release;
		};
/* End XCBuildConfiguration section */

/* Begin XCConfigurationList section */
		149D183016B2582C0064A57D /* Build configuration list for PBXProject "Ratings" */ = {
			isa = XCConfigurationList;
			buildConfigurations = (
				149D185816B2582C0064A57D /* Debug */,
				149D185916B2582C0064A57D /* Release */,
			);
			defaultConfigurationIsVisible = 0;
			defaultConfigurationName = Release;
		};
		149D185A16B2582C0064A57D /* Build configuration list for PBXNativeTarget "Ratings" */ = {
			isa = XCConfigurationList;
			buildConfigurations = (
				149D185B16B2582C0064A57D /* Debug */,
				149D185C16B2582C0064A57D /* Release */,
			);
			defaultConfigurationIsVisible = 0;
		};
/* End XCConfigurationList section */
	};
	rootObject = 149D182D16B2582C0064A57D /* Project object */;
}
